
Microsoft Visual Studio Solution File, Format Version 12.00
# Visual Studio Version 17
VisualStudioVersion = 17.0.31903.59
MinimumVisualStudioVersion = 10.0.40219.1
Project("{2150E333-8FDC-42A3-9474-1A3956D46DE8}") = "src", "src", "{827E0CD3-B72D-47B6-A68D-7590B98EB39B}"
EndProject
Project("{FAE04EC0-301F-11D3-BF4B-00C04F79EFBC}") = "Handspan.Adb", "src\Handspan.Adb\Handspan.Adb.csproj", "{55F8773C-1C9D-4D3A-9293-656D01D5B83E}"
EndProject
Project("{FAE04EC0-301F-11D3-BF4B-00C04F79EFBC}") = "Handspan.App", "src\Handspan.App\Handspan.App.csproj", "{F102AAD8-3F32-4A61-94DE-2EA0DF5D93AE}"
EndProject
Project("{FAE04EC0-301F-11D3-BF4B-00C04F79EFBC}") = "Handspan.Core", "src\Handspan.Core\Handspan.Core.csproj", "{259184F2-7974-4D93-B458-9E5F75826B01}"
EndProject
Project("{FAE04EC0-301F-11D3-BF4B-00C04F79EFBC}") = "Handspan.Data", "src\Handspan.Data\Handspan.Data.csproj", "{60B90122-CA44-4C96-BC78-831862B178D9}"
EndProject
Project("{FAE04EC0-301F-11D3-BF4B-00C04F79EFBC}") = "Handspan.Media", "src\Handspan.Media\Handspan.Media.csproj", "{1CF37073-3C53-43B1-9089-CC112A2F3FB8}"
EndProject
Project("{FAE04EC0-301F-11D3-BF4B-00C04F79EFBC}") = "Handspan.Search", "src\Handspan.Search\Handspan.Search.csproj", "{E50C7372-7BF3-4BCB-9AD7-3B23A5183E21}"
EndProject
Project("{FAE04EC0-301F-11D3-BF4B-00C04F79EFBC}") = "Handspan.Services", "src\Handspan.Services\Handspan.Services.csproj", "{0AB01149-A2BD-4691-8294-FCDDE7EA7547}"
EndProject
Project("{2150E333-8FDC-42A3-9474-1A3956D46DE8}") = "tests", "tests", "{0AB3BF05-4346-4AA6-1389-037BE0695223}"
EndProject
Project("{FAE04EC0-301F-11D3-BF4B-00C04F79EFBC}") = "Handspan.Adb.Tests", "tests\Handspan.Adb.Tests\Handspan.Adb.Tests.csproj", "{9F41C110-F90A-4482-9E01-5B0DD25E2690}"
EndProject
Project("{FAE04EC0-301F-11D3-BF4B-00C04F79EFBC}") = "Handspan.Core.Tests", "tests\Handspan.Core.Tests\Handspan.Core.Tests.csproj", "{27931192-B5CE-4DE1-85F9-DB8AB1458414}"
EndProject
Project("{FAE04EC0-301F-11D3-BF4B-00C04F79EFBC}") = "Handspan.Media.Tests", "tests\Handspan.Media.Tests\Handspan.Media.Tests.csproj", "{DDA0EF2E-8AEC-4C1A-B463-5BCDF8886F76}"
EndProject
Project("{FAE04EC0-301F-11D3-BF4B-00C04F79EFBC}") = "Handspan.Services.Tests", "tests\Handspan.Services.Tests\Handspan.Services.Tests.csproj", "{87616B26-DB9D-4D73-A7A2-76BCED05BE7F}"
EndProject
Global
	GlobalSection(SolutionConfigurationPlatforms) = preSolution
		Debug|Any CPU = Debug|Any CPU
		Debug|x64 = Debug|x64
		Debug|x86 = Debug|x86
		Release|Any CPU = Release|Any CPU
		Release|x64 = Release|x64
		Release|x86 = Release|x86
	EndGlobalSection
	GlobalSection(ProjectConfigurationPlatforms) = postSolution
		{55F8773C-1C9D-4D3A-9293-656D01D5B83E}.Debug|Any CPU.ActiveCfg = Debug|Any CPU
		{55F8773C-1C9D-4D3A-9293-656D01D5B83E}.Debug|Any CPU.Build.0 = Debug|Any CPU
		{55F8773C-1C9D-4D3A-9293-656D01D5B83E}.Debug|x64.ActiveCfg = Debug|Any CPU
		{55F8773C-1C9D-4D3A-9293-656D01D5B83E}.Debug|x64.Build.0 = Debug|Any CPU
		{55F8773C-1C9D-4D3A-9293-656D01D5B83E}.Debug|x86.ActiveCfg = Debug|Any CPU
		{55F8773C-1C9D-4D3A-9293-656D01D5B83E}.Debug|x86.Build.0 = Debug|Any CPU
		{55F8773C-1C9D-4D3A-9293-656D01D5B83E}.Release|Any CPU.ActiveCfg = Release|Any CPU
		{55F8773C-1C9D-4D3A-9293-656D01D5B83E}.Release|Any CPU.Build.0 = Release|Any CPU
		{55F8773C-1C9D-4D3A-9293-656D01D5B83E}.Release|x64.ActiveCfg = Release|Any CPU
		{55F8773C-1C9D-4D3A-9293-656D01D5B83E}.Release|x64.Build.0 = Release|Any CPU
		{55F8773C-1C9D-4D3A-9293-656D01D5B83E}.Release|x86.ActiveCfg = Release|Any CPU
		{55F8773C-1C9D-4D3A-9293-656D01D5B83E}.Release|x86.Build.0 = Release|Any CPU
		{F102AAD8-3F32-4A61-94DE-2EA0DF5D93AE}.Debug|Any CPU.ActiveCfg = Debug|Any CPU
		{F102AAD8-3F32-4A61-94DE-2EA0DF5D93AE}.Debug|Any CPU.Build.0 = Debug|Any CPU
		{F102AAD8-3F32-4A61-94DE-2EA0DF5D93AE}.Debug|x64.ActiveCfg = Debug|Any CPU
		{F102AAD8-3F32-4A61-94DE-2EA0DF5D93AE}.Debug|x64.Build.0 = Debug|Any CPU
		{F102AAD8-3F32-4A61-94DE-2EA0DF5D93AE}.Debug|x86.ActiveCfg = Debug|Any CPU
		{F102AAD8-3F32-4A61-94DE-2EA0DF5D93AE}.Debug|x86.Build.0 = Debug|Any CPU
		{F102AAD8-3F32-4A61-94DE-2EA0DF5D93AE}.Release|Any CPU.ActiveCfg = Release|Any CPU
		{F102AAD8-3F32-4A61-94DE-2EA0DF5D93AE}.Release|Any CPU.Build.0 = Release|Any CPU
		{F102AAD8-3F32-4A61-94DE-2EA0DF5D93AE}.Release|x64.ActiveCfg = Release|Any CPU
		{F102AAD8-3F32-4A61-94DE-2EA0DF5D93AE}.Release|x64.Build.0 = Release|Any CPU
		{F102AAD8-3F32-4A61-94DE-2EA0DF5D93AE}.Release|x86.ActiveCfg = Release|Any CPU
		{F102AAD8-3F32-4A61-94DE-2EA0DF5D93AE}.Release|x86.Build.0 = Release|Any CPU
		{259184F2-7974-4D93-B458-9E5F75826B01}.Debug|Any CPU.ActiveCfg = Debug|Any CPU
		{259184F2-7974-4D93-B458-9E5F75826B01}.Debug|Any CPU.Build.0 = Debug|Any CPU
		{259184F2-7974-4D93-B458-9E5F75826B01}.Debug|x64.ActiveCfg = Debug|Any CPU
		{259184F2-7974-4D93-B458-9E5F75826B01}.Debug|x64.Build.0 = Debug|Any CPU
		{259184F2-7974-4D93-B458-9E5F75826B01}.Debug|x86.ActiveCfg = Debug|Any CPU
		{259184F2-7974-4D93-B458-9E5F75826B01}.Debug|x86.Build.0 = Debug|Any CPU
		{259184F2-7974-4D93-B458-9E5F75826B01}.Release|Any CPU.ActiveCfg = Release|Any CPU
		{259184F2-7974-4D93-B458-9E5F75826B01}.Release|Any CPU.Build.0 = Release|Any CPU
		{259184F2-7974-4D93-B458-9E5F75826B01}.Release|x64.ActiveCfg = Release|Any CPU
		{259184F2-7974-4D93-B458-9E5F75826B01}.Release|x64.Build.0 = Release|Any CPU
		{259184F2-7974-4D93-B458-9E5F75826B01}.Release|x86.ActiveCfg = Release|Any CPU
		{259184F2-7974-4D93-B458-9E5F75826B01}.Release|x86.Build.0 = Release|Any CPU
		{60B90122-CA44-4C96-BC78-831862B178D9}.Debug|Any CPU.ActiveCfg = Debug|Any CPU
		{60B90122-CA44-4C96-BC78-831862B178D9}.Debug|Any CPU.Build.0 = Debug|Any CPU
		{60B90122-CA44-4C96-BC78-831862B178D9}.Debug|x64.ActiveCfg = Debug|Any CPU
		{60B90122-CA44-4C96-BC78-831862B178D9}.Debug|x64.Build.0 = Debug|Any CPU
		{60B90122-CA44-4C96-BC78-831862B178D9}.Debug|x86.ActiveCfg = Debug|Any CPU
		{60B90122-CA44-4C96-BC78-831862B178D9}.Debug|x86.Build.0 = Debug|Any CPU
		{60B90122-CA44-4C96-BC78-831862B178D9}.Release|Any CPU.ActiveCfg = Release|Any CPU
		{60B90122-CA44-4C96-BC78-831862B178D9}.Release|Any CPU.Build.0 = Release|Any CPU
		{60B90122-CA44-4C96-BC78-831862B178D9}.Release|x64.ActiveCfg = Release|Any CPU
		{60B90122-CA44-4C96-BC78-831862B178D9}.Release|x64.Build.0 = Release|Any CPU
		{60B90122-CA44-4C96-BC78-831862B178D9}.Release|x86.ActiveCfg = Release|Any CPU
		{60B90122-CA44-4C96-BC78-831862B178D9}.Release|x86.Build.0 = Release|Any CPU
		{1CF37073-3C53-43B1-9089-CC112A2F3FB8}.Debug|Any CPU.ActiveCfg = Debug|Any CPU
		{1CF37073-3C53-43B1-9089-CC112A2F3FB8}.Debug|Any CPU.Build.0 = Debug|Any CPU
		{1CF37073-3C53-43B1-9089-CC112A2F3FB8}.Debug|x64.ActiveCfg = Debug|Any CPU
		{1CF37073-3C53-43B1-9089-CC112A2F3FB8}.Debug|x64.Build.0 = Debug|Any CPU
		{1CF37073-3C53-43B1-9089-CC112A2F3FB8}.Debug|x86.ActiveCfg = Debug|Any CPU
		{1CF37073-3C53-43B1-9089-CC112A2F3FB8}.Debug|x86.Build.0 = Debug|Any CPU
		{1CF37073-3C53-43B1-9089-CC112A2F3FB8}.Release|Any CPU.ActiveCfg = Release|Any CPU
		{1CF37073-3C53-43B1-9089-CC112A2F3FB8}.Release|Any CPU.Build.0 = Release|Any CPU
		{1CF37073-3C53-43B1-9089-CC112A2F3FB8}.Release|x64.ActiveCfg = Release|Any CPU
		{1CF37073-3C53-43B1-9089-CC112A2F3FB8}.Release|x64.Build.0 = Release|Any CPU
		{1CF37073-3C53-43B1-9089-CC112A2F3FB8}.Release|x86.ActiveCfg = Release|Any CPU
		{1CF37073-3C53-43B1-9089-CC112A2F3FB8}.Release|x86.Build.0 = Release|Any CPU
		{E50C7372-7BF3-4BCB-9AD7-3B23A5183E21}.Debug|Any CPU.ActiveCfg = Debug|Any CPU
		{E50C7372-7BF3-4BCB-9AD7-3B23A5183E21}.Debug|Any CPU.Build.0 = Debug|Any CPU
		{E50C7372-7BF3-4BCB-9AD7-3B23A5183E21}.Debug|x64.ActiveCfg = Debug|Any CPU
		{E50C7372-7BF3-4BCB-9AD7-3B23A5183E21}.Debug|x64.Build.0 = Debug|Any CPU
		{E50C7372-7BF3-4BCB-9AD7-3B23A5183E21}.Debug|x86.ActiveCfg = Debug|Any CPU
		{E50C7372-7BF3-4BCB-9AD7-3B23A5183E21}.Debug|x86.Build.0 = Debug|Any CPU
		{E50C7372-7BF3-4BCB-9AD7-3B23A5183E21}.Release|Any CPU.ActiveCfg = Release|Any CPU
		{E50C7372-7BF3-4BCB-9AD7-3B23A5183E21}.Release|Any CPU.Build.0 = Release|Any CPU
		{E50C7372-7BF3-4BCB-9AD7-3B23A5183E21}.Release|x64.ActiveCfg = Release|Any CPU
		{E50C7372-7BF3-4BCB-9AD7-3B23A5183E21}.Release|x64.Build.0 = Release|Any CPU
		{E50C7372-7BF3-4BCB-9AD7-3B23A5183E21}.Release|x86.ActiveCfg = Release|Any CPU
		{E50C7372-7BF3-4BCB-9AD7-3B23A5183E21}.Release|x86.Build.0 = Release|Any CPU
		{0AB01149-A2BD-4691-8294-FCDDE7EA7547}.Debug|Any CPU.ActiveCfg = Debug|Any CPU
		{0AB01149-A2BD-4691-8294-FCDDE7EA7547}.Debug|Any CPU.Build.0 = Debug|Any CPU
		{0AB01149-A2BD-4691-8294-FCDDE7EA7547}.Debug|x64.ActiveCfg = Debug|Any CPU
		{0AB01149-A2BD-4691-8294-FCDDE7EA7547}.Debug|x64.Build.0 = Debug|Any CPU
		{0AB01149-A2BD-4691-8294-FCDDE7EA7547}.Debug|x86.ActiveCfg = Debug|Any CPU
		{0AB01149-A2BD-4691-8294-FCDDE7EA7547}.Debug|x86.Build.0 = Debug|Any CPU
		{0AB01149-A2BD-4691-8294-FCDDE7EA7547}.Release|Any CPU.ActiveCfg = Release|Any CPU
		{0AB01149-A2BD-4691-8294-FCDDE7EA7547}.Release|Any CPU.Build.0 = Release|Any CPU
		{0AB01149-A2BD-4691-8294-FCDDE7EA7547}.Release|x64.ActiveCfg = Release|Any CPU
		{0AB01149-A2BD-4691-8294-FCDDE7EA7547}.Release|x64.Build.0 = Release|Any CPU
		{0AB01149-A2BD-4691-8294-FCDDE7EA7547}.Release|x86.ActiveCfg = Release|Any CPU
		{0AB01149-A2BD-4691-8294-FCDDE7EA7547}.Release|x86.Build.0 = Release|Any CPU
		{9F41C110-F90A-4482-9E01-5B0DD25E2690}.Debug|Any CPU.ActiveCfg = Debug|Any CPU
		{9F41C110-F90A-4482-9E01-5B0DD25E2690}.Debug|Any CPU.Build.0 = Debug|Any CPU
		{9F41C110-F90A-4482-9E01-5B0DD25E2690}.Debug|x64.ActiveCfg = Debug|Any CPU
		{9F41C110-F90A-4482-9E01-5B0DD25E2690}.Debug|x64.Build.0 = Debug|Any CPU
		{9F41C110-F90A-4482-9E01-5B0DD25E2690}.Debug|x86.ActiveCfg = Debug|Any CPU
		{9F41C110-F90A-4482-9E01-5B0DD25E2690}.Debug|x86.Build.0 = Debug|Any CPU
		{9F41C110-F90A-4482-9E01-5B0DD25E2690}.Release|Any CPU.ActiveCfg = Release|Any CPU
		{9F41C110-F90A-4482-9E01-5B0DD25E2690}.Release|Any CPU.Build.0 = Release|Any CPU
		{9F41C110-F90A-4482-9E01-5B0DD25E2690}.Release|x64.ActiveCfg = Release|Any CPU
		{9F41C110-F90A-4482-9E01-5B0DD25E2690}.Release|x64.Build.0 = Release|Any CPU
		{9F41C110-F90A-4482-9E01-5B0DD25E2690}.Release|x86.ActiveCfg = Release|Any CPU
		{9F41C110-F90A-4482-9E01-5B0DD25E2690}.Release|x86.Build.0 = Release|Any CPU
		{27931192-B5CE-4DE1-85F9-DB8AB1458414}.Debug|Any CPU.ActiveCfg = Debug|Any CPU
		{27931192-B5CE-4DE1-85F9-DB8AB1458414}.Debug|Any CPU.Build.0 = Debug|Any CPU
		{27931192-B5CE-4DE1-85F9-DB8AB1458414}.Debug|x64.ActiveCfg = Debug|Any CPU
		{27931192-B5CE-4DE1-85F9-DB8AB1458414}.Debug|x64.Build.0 = Debug|Any CPU
		{27931192-B5CE-4DE1-85F9-DB8AB1458414}.Debug|x86.ActiveCfg = Debug|Any CPU
		{27931192-B5CE-4DE1-85F9-DB8AB1458414}.Debug|x86.Build.0 = Debug|Any CPU
		{27931192-B5CE-4DE1-85F9-DB8AB1458414}.Release|Any CPU.ActiveCfg = Release|Any CPU
		{27931192-B5CE-4DE1-85F9-DB8AB1458414}.Release|Any CPU.Build.0 = Release|Any CPU
		{27931192-B5CE-4DE1-85F9-DB8AB1458414}.Release|x64.ActiveCfg = Release|Any CPU
		{27931192-B5CE-4DE1-85F9-DB8AB1458414}.Release|x64.Build.0 = Release|Any CPU
		{27931192-B5CE-4DE1-85F9-DB8AB1458414}.Release|x86.ActiveCfg = Release|Any CPU
		{27931192-B5CE-4DE1-85F9-DB8AB1458414}.Release|x86.Build.0 = Release|Any CPU
		{DDA0EF2E-8AEC-4C1A-B463-5BCDF8886F76}.Debug|Any CPU.ActiveCfg = Debug|Any CPU
		{DDA0EF2E-8AEC-4C1A-B463-5BCDF8886F76}.Debug|Any CPU.Build.0 = Debug|Any CPU
		{DDA0EF2E-8AEC-4C1A-B463-5BCDF8886F76}.Debug|x64.ActiveCfg = Debug|Any CPU
		{DDA0EF2E-8AEC-4C1A-B463-5BCDF8886F76}.Debug|x64.Build.0 = Debug|Any CPU
		{DDA0EF2E-8AEC-4C1A-B463-5BCDF8886F76}.Debug|x86.ActiveCfg = Debug|Any CPU
		{DDA0EF2E-8AEC-4C1A-B463-5BCDF8886F76}.Debug|x86.Build.0 = Debug|Any CPU
		{DDA0EF2E-8AEC-4C1A-B463-5BCDF8886F76}.Release|Any CPU.ActiveCfg = Release|Any CPU
		{DDA0EF2E-8AEC-4C1A-B463-5BCDF8886F76}.Release|Any CPU.Build.0 = Release|Any CPU
		{DDA0EF2E-8AEC-4C1A-B463-5BCDF8886F76}.Release|x64.ActiveCfg = Release|Any CPU
		{DDA0EF2E-8AEC-4C1A-B463-5BCDF8886F76}.Release|x64.Build.0 = Release|Any CPU
		{DDA0EF2E-8AEC-4C1A-B463-5BCDF8886F76}.Release|x86.ActiveCfg = Release|Any CPU
		{DDA0EF2E-8AEC-4C1A-B463-5BCDF8886F76}.Release|x86.Build.0 = Release|Any CPU
		{87616B26-DB9D-4D73-A7A2-76BCED05BE7F}.Debug|Any CPU.ActiveCfg = Debug|Any CPU
		{87616B26-DB9D-4D73-A7A2-76BCED05BE7F}.Debug|Any CPU.Build.0 = Debug|Any CPU
		{87616B26-DB9D-4D73-A7A2-76BCED05BE7F}.Debug|x64.ActiveCfg = Debug|Any CPU
		{87616B26-DB9D-4D73-A7A2-76BCED05BE7F}.Debug|x64.Build.0 = Debug|Any CPU
		{87616B26-DB9D-4D73-A7A2-76BCED05BE7F}.Debug|x86.ActiveCfg = Debug|Any CPU
		{87616B26-DB9D-4D73-A7A2-76BCED05BE7F}.Debug|x86.Build.0 = Debug|Any CPU
		{87616B26-DB9D-4D73-A7A2-76BCED05BE7F}.Release|Any CPU.ActiveCfg = Release|Any CPU
		{87616B26-DB9D-4D73-A7A2-76BCED05BE7F}.Release|Any CPU.Build.0 = Release|Any CPU
		{87616B26-DB9D-4D73-A7A2-76BCED05BE7F}.Release|x64.ActiveCfg = Release|Any CPU
		{87616B26-DB9D-4D73-A7A2-76BCED05BE7F}.Release|x64.Build.0 = Release|Any CPU
		{87616B26-DB9D-4D73-A7A2-76BCED05BE7F}.Release|x86.ActiveCfg = Release|Any CPU
		{87616B26-DB9D-4D73-A7A2-76BCED05BE7F}.Release|x86.Build.0 = Release|Any CPU
	EndGlobalSection
	GlobalSection(SolutionProperties) = preSolution
		HideSolutionNode = FALSE
	EndGlobalSection
	GlobalSection(NestedProjects) = preSolution
		{55F8773C-1C9D-4D3A-9293-656D01D5B83E} = {827E0CD3-B72D-47B6-A68D-7590B98EB39B}
		{F102AAD8-3F32-4A61-94DE-2EA0DF5D93AE} = {827E0CD3-B72D-47B6-A68D-7590B98EB39B}
		{259184F2-7974-4D93-B458-9E5F75826B01} = {827E0CD3-B72D-47B6-A68D-7590B98EB39B}
		{60B90122-CA44-4C96-BC78-831862B178D9} = {827E0CD3-B72D-47B6-A68D-7590B98EB39B}
		{1CF37073-3C53-43B1-9089-CC112A2F3FB8} = {827E0CD3-B72D-47B6-A68D-7590B98EB39B}
		{E50C7372-7BF3-4BCB-9AD7-3B23A5183E21} = {827E0CD3-B72D-47B6-A68D-7590B98EB39B}
		{0AB01149-A2BD-4691-8294-FCDDE7EA7547} = {827E0CD3-B72D-47B6-A68D-7590B98EB39B}
		{9F41C110-F90A-4482-9E01-5B0DD25E2690} = {0AB3BF05-4346-4AA6-1389-037BE0695223}
		{27931192-B5CE-4DE1-85F9-DB8AB1458414} = {0AB3BF05-4346-4AA6-1389-037BE0695223}
		{DDA0EF2E-8AEC-4C1A-B463-5BCDF8886F76} = {0AB3BF05-4346-4AA6-1389-037BE0695223}
		{87616B26-DB9D-4D73-A7A2-76BCED05BE7F} = {0AB3BF05-4346-4AA6-1389-037BE0695223}
	EndGlobalSection
EndGlobal
